
Microsoft Visual Studio Solution File, Format Version 12.00
# Visual Studio Version 17
VisualStudioVersion = 17.5.2.0
MinimumVisualStudioVersion = 10.0.40219.1
Project("{FAE04EC0-301F-11D3-BF4B-00C04F79EFBC}") = "Plugins", "Plugins\Plugins.csproj", "{20FE0F71-BEBC-DA11-601B-F6D834C8EA50}"
EndProject
Project("{FAE04EC0-301F-11D3-BF4B-00C04F79EFBC}") = "RetroEditor", "RetroEditor\RetroEditor.csproj", "{04DD7F1D-D26B-2BC2-CF35-D7695F9B3E70}"
EndProject
Project("{2150E333-8FDC-42A3-9474-1A3956D46DE8}") = "Tests", "Tests", "{0AB3BF05-4346-4AA6-1389-037BE0695223}"
EndProject
Project("{FAE04EC0-301F-11D3-BF4B-00C04F79EFBC}") = "RetroEditor.Tests", "Tests\RetroEditor.Tests\RetroEditor.Tests.csproj", "{6BEED94A-7C44-9119-849B-4DEA13F1AE9E}"
EndProject
Project("{FAE04EC0-301F-11D3-BF4B-00C04F79EFBC}") = "SystemPlugins", "SystemPlugins\SystemPlugins.csproj", "{180BB92E-DFBF-4D6E-9FA1-903EF7FD751F}"
EndProject
Project("{FAE04EC0-301F-11D3-BF4B-00C04F79EFBC}") = "RetroEditorApplication", "RetroEditorApplication\RetroEditorApplication.csproj", "{661A72FE-CAE1-46CB-B17C-F594F1EE9F5E}"
EndProject
Global
	GlobalSection(SolutionConfigurationPlatforms) = preSolution
		Debug|Any CPU = Debug|Any CPU
		Debug|x64 = Debug|x64
		Debug|x86 = Debug|x86
		Release|Any CPU = Release|Any CPU
		Release|x64 = Release|x64
		Release|x86 = Release|x86
	EndGlobalSection
	GlobalSection(ProjectConfigurationPlatforms) = postSolution
		{20FE0F71-BEBC-DA11-601B-F6D834C8EA50}.Debug|Any CPU.ActiveCfg = Debug|Any CPU
		{20FE0F71-BEBC-DA11-601B-F6D834C8EA50}.Debug|Any CPU.Build.0 = Debug|Any CPU
		{20FE0F71-BEBC-DA11-601B-F6D834C8EA50}.Debug|x64.ActiveCfg = Debug|Any CPU
		{20FE0F71-BEBC-DA11-601B-F6D834C8EA50}.Debug|x64.Build.0 = Debug|Any CPU
		{20FE0F71-BEBC-DA11-601B-F6D834C8EA50}.Debug|x86.ActiveCfg = Debug|Any CPU
		{20FE0F71-BEBC-DA11-601B-F6D834C8EA50}.Debug|x86.Build.0 = Debug|Any CPU
		{20FE0F71-BEBC-DA11-601B-F6D834C8EA50}.Release|Any CPU.ActiveCfg = Release|Any CPU
		{20FE0F71-BEBC-DA11-601B-F6D834C8EA50}.Release|Any CPU.Build.0 = Release|Any CPU
		{20FE0F71-BEBC-DA11-601B-F6D834C8EA50}.Release|x64.ActiveCfg = Release|Any CPU
		{20FE0F71-BEBC-DA11-601B-F6D834C8EA50}.Release|x64.Build.0 = Release|Any CPU
		{20FE0F71-BEBC-DA11-601B-F6D834C8EA50}.Release|x86.ActiveCfg = Release|Any CPU
		{20FE0F71-BEBC-DA11-601B-F6D834C8EA50}.Release|x86.Build.0 = Release|Any CPU
		{04DD7F1D-D26B-2BC2-CF35-D7695F9B3E70}.Debug|Any CPU.ActiveCfg = Debug|Any CPU
		{04DD7F1D-D26B-2BC2-CF35-D7695F9B3E70}.Debug|Any CPU.Build.0 = Debug|Any CPU
		{04DD7F1D-D26B-2BC2-CF35-D7695F9B3E70}.Debug|x64.ActiveCfg = Debug|Any CPU
		{04DD7F1D-D26B-2BC2-CF35-D7695F9B3E70}.Debug|x64.Build.0 = Debug|Any CPU
		{04DD7F1D-D26B-2BC2-CF35-D7695F9B3E70}.Debug|x86.ActiveCfg = Debug|Any CPU
		{04DD7F1D-D26B-2BC2-CF35-D7695F9B3E70}.Debug|x86.Build.0 = Debug|Any CPU
		{04DD7F1D-D26B-2BC2-CF35-D7695F9B3E70}.Release|Any CPU.ActiveCfg = Release|Any CPU
		{04DD7F1D-D26B-2BC2-CF35-D7695F9B3E70}.Release|Any CPU.Build.0 = Release|Any CPU
		{04DD7F1D-D26B-2BC2-CF35-D7695F9B3E70}.Release|x64.ActiveCfg = Release|Any CPU
		{04DD7F1D-D26B-2BC2-CF35-D7695F9B3E70}.Release|x64.Build.0 = Release|Any CPU
		{04DD7F1D-D26B-2BC2-CF35-D7695F9B3E70}.Release|x86.ActiveCfg = Release|Any CPU
		{04DD7F1D-D26B-2BC2-CF35-D7695F9B3E70}.Release|x86.Build.0 = Release|Any CPU
		{6BEED94A-7C44-9119-849B-4DEA13F1AE9E}.Debug|Any CPU.ActiveCfg = Debug|Any CPU
		{6BEED94A-7C44-9119-849B-4DEA13F1AE9E}.Debug|Any CPU.Build.0 = Debug|Any CPU
		{6BEED94A-7C44-9119-849B-4DEA13F1AE9E}.Debug|x64.ActiveCfg = Debug|Any CPU
		{6BEED94A-7C44-9119-849B-4DEA13F1AE9E}.Debug|x64.Build.0 = Debug|Any CPU
		{6BEED94A-7C44-9119-849B-4DEA13F1AE9E}.Debug|x86.ActiveCfg = Debug|Any CPU
		{6BEED94A-7C44-9119-849B-4DEA13F1AE9E}.Debug|x86.Build.0 = Debug|Any CPU
		{6BEED94A-7C44-9119-849B-4DEA13F1AE9E}.Release|Any CPU.ActiveCfg = Release|Any CPU
		{6BEED94A-7C44-9119-849B-4DEA13F1AE9E}.Release|Any CPU.Build.0 = Release|Any CPU
		{6BEED94A-7C44-9119-849B-4DEA13F1AE9E}.Release|x64.ActiveCfg = Release|Any CPU
		{6BEED94A-7C44-9119-849B-4DEA13F1AE9E}.Release|x64.Build.0 = Release|Any CPU
		{6BEED94A-7C44-9119-849B-4DEA13F1AE9E}.Release|x86.ActiveCfg = Release|Any CPU
		{6BEED94A-7C44-9119-849B-4DEA13F1AE9E}.Release|x86.Build.0 = Release|Any CPU
		{180BB92E-DFBF-4D6E-9FA1-903EF7FD751F}.Debug|Any CPU.ActiveCfg = Debug|Any CPU
		{180BB92E-DFBF-4D6E-9FA1-903EF7FD751F}.Debug|Any CPU.Build.0 = Debug|Any CPU
		{180BB92E-DFBF-4D6E-9FA1-903EF7FD751F}.Debug|x64.ActiveCfg = Debug|Any CPU
		{180BB92E-DFBF-4D6E-9FA1-903EF7FD751F}.Debug|x64.Build.0 = Debug|Any CPU
		{180BB92E-DFBF-4D6E-9FA1-903EF7FD751F}.Debug|x86.ActiveCfg = Debug|Any CPU
		{180BB92E-DFBF-4D6E-9FA1-903EF7FD751F}.Debug|x86.Build.0 = Debug|Any CPU
		{180BB92E-DFBF-4D6E-9FA1-903EF7FD751F}.Release|Any CPU.ActiveCfg = Release|Any CPU
		{180BB92E-DFBF-4D6E-9FA1-903EF7FD751F}.Release|Any CPU.Build.0 = Release|Any CPU
		{180BB92E-DFBF-4D6E-9FA1-903EF7FD751F}.Release|x64.ActiveCfg = Release|Any CPU
		{180BB92E-DFBF-4D6E-9FA1-903EF7FD751F}.Release|x64.Build.0 = Release|Any CPU
		{180BB92E-DFBF-4D6E-9FA1-903EF7FD751F}.Release|x86.ActiveCfg = Release|Any CPU
		{180BB92E-DFBF-4D6E-9FA1-903EF7FD751F}.Release|x86.Build.0 = Release|Any CPU
		{661A72FE-CAE1-46CB-B17C-F594F1EE9F5E}.Debug|Any CPU.ActiveCfg = Debug|Any CPU
		{661A72FE-CAE1-46CB-B17C-F594F1EE9F5E}.Debug|Any CPU.Build.0 = Debug|Any CPU
		{661A72FE-CAE1-46CB-B17C-F594F1EE9F5E}.Debug|x64.ActiveCfg = Debug|Any CPU
		{661A72FE-CAE1-46CB-B17C-F594F1EE9F5E}.Debug|x64.Build.0 = Debug|Any CPU
		{661A72FE-CAE1-46CB-B17C-F594F1EE9F5E}.Debug|x86.ActiveCfg = Debug|Any CPU
		{661A72FE-CAE1-46CB-B17C-F594F1EE9F5E}.Debug|x86.Build.0 = Debug|Any CPU
		{661A72FE-CAE1-46CB-B17C-F594F1EE9F5E}.Release|Any CPU.ActiveCfg = Release|Any CPU
		{661A72FE-CAE1-46CB-B17C-F594F1EE9F5E}.Release|Any CPU.Build.0 = Release|Any CPU
		{661A72FE-CAE1-46CB-B17C-F594F1EE9F5E}.Release|x64.ActiveCfg = Release|Any CPU
		{661A72FE-CAE1-46CB-B17C-F594F1EE9F5E}.Release|x64.Build.0 = Release|Any CPU
		{661A72FE-CAE1-46CB-B17C-F594F1EE9F5E}.Release|x86.ActiveCfg = Release|Any CPU
		{661A72FE-CAE1-46CB-B17C-F594F1EE9F5E}.Release|x86.Build.0 = Release|Any CPU
	EndGlobalSection
	GlobalSection(SolutionProperties) = preSolution
		HideSolutionNode = FALSE
	EndGlobalSection
	GlobalSection(NestedProjects) = preSolution
		{6BEED94A-7C44-9119-849B-4DEA13F1AE9E} = {0AB3BF05-4346-4AA6-1389-037BE0695223}
	EndGlobalSection
	GlobalSection(ExtensibilityGlobals) = postSolution
		SolutionGuid = {B0472CE5-9D37-4DB3-859F-593F1CA9BE81}
	EndGlobalSection
EndGlobal
